
Microsoft Visual Studio Solution File, Format Version 12.00
# Visual Studio Version 16
VisualStudioVersion = 16.0.29102.190
MinimumVisualStudioVersion = 10.0.40219.1
Project("{FAE04EC0-301F-11D3-BF4B-00C04F79EFBC}") = "CapaDisenoComision", "CapaDisenoComision\CapaDisenoComision.csproj", "{C3489773-5950-417B-8E87-86B02F0C47E4}"
EndProject
Project("{FAE04EC0-301F-11D3-BF4B-00C04F79EFBC}") = "CapaDatos-ComisionyPoliza", "CapaDatos-ComisionyPoliza\CapaDatos-ComisionyPoliza.csproj", "{A86763E9-B441-4413-93AB-E0917A834535}"
EndProject
Project("{FAE04EC0-301F-11D3-BF4B-00C04F79EFBC}") = "CapaDisenoPoliza", "CapaDisenoPoliza\CapaDisenoPoliza.csproj", "{922A26B0-9495-49A6-8E66-65B6A9D547C4}"
EndProject
Project("{FAE04EC0-301F-11D3-BF4B-00C04F79EFBC}") = "CapaLogica-ComisionyPoliza", "CapaLogica-ComisionyPoliza\CapaLogica-ComisionyPoliza.csproj", "{8D83C773-5ECF-4FCA-A90F-FD6DF744A256}"
EndProject
Global
	GlobalSection(SolutionConfigurationPlatforms) = preSolution
		Debug|Any CPU = Debug|Any CPU
		Release|Any CPU = Release|Any CPU
	EndGlobalSection
	GlobalSection(ProjectConfigurationPlatforms) = postSolution
		{C3489773-5950-417B-8E87-86B02F0C47E4}.Debug|Any CPU.ActiveCfg = Debug|Any CPU
		{C3489773-5950-417B-8E87-86B02F0C47E4}.Debug|Any CPU.Build.0 = Debug|Any CPU
		{C3489773-5950-417B-8E87-86B02F0C47E4}.Release|Any CPU.ActiveCfg = Release|Any CPU
		{C3489773-5950-417B-8E87-86B02F0C47E4}.Release|Any CPU.Build.0 = Release|Any CPU
		{A86763E9-B441-4413-93AB-E0917A834535}.Debug|Any CPU.ActiveCfg = Debug|Any CPU
		{A86763E9-B441-4413-93AB-E0917A834535}.Debug|Any CPU.Build.0 = Debug|Any CPU
		{A86763E9-B441-4413-93AB-E0917A834535}.Release|Any CPU.ActiveCfg = Release|Any CPU
		{A86763E9-B441-4413-93AB-E0917A834535}.Release|Any CPU.Build.0 = Release|Any CPU
		{922A26B0-9495-49A6-8E66-65B6A9D547C4}.Debug|Any CPU.ActiveCfg = Debug|Any CPU
		{922A26B0-9495-49A6-8E66-65B6A9D547C4}.Debug|Any CPU.Build.0 = Debug|Any CPU
		{922A26B0-9495-49A6-8E66-65B6A9D547C4}.Release|Any CPU.ActiveCfg = Release|Any CPU
		{922A26B0-9495-49A6-8E66-65B6A9D547C4}.Release|Any CPU.Build.0 = Release|Any CPU
		{8D83C773-5ECF-4FCA-A90F-FD6DF744A256}.Debug|Any CPU.ActiveCfg = Debug|Any CPU
		{8D83C773-5ECF-4FCA-A90F-FD6DF744A256}.Debug|Any CPU.Build.0 = Debug|Any CPU
		{8D83C773-5ECF-4FCA-A90F-FD6DF744A256}.Release|Any CPU.ActiveCfg = Release|Any CPU
		{8D83C773-5ECF-4FCA-A90F-FD6DF744A256}.Release|Any CPU.Build.0 = Release|Any CPU
	EndGlobalSection
	GlobalSection(SolutionProperties) = preSolution
		HideSolutionNode = FALSE
	EndGlobalSection
	GlobalSection(ExtensibilityGlobals) = postSolution
		SolutionGuid = {AAF8BC7D-B0C4-4035-BCF9-B0E0529975FF}
	EndGlobalSection
EndGlobal
