
Microsoft Visual Studio Solution File, Format Version 12.00
# Visual Studio 15
VisualStudioVersion = 15.0.28307.757
MinimumVisualStudioVersion = 10.0.40219.1
Project("{FAE04EC0-301F-11D3-BF4B-00C04F79EFBC}") = "CapaDiseno_CxC_MovClientes", "CapaDiseno_CxC_MovClientes\CapaDiseno_CxC_MovClientes.csproj", "{9182E59B-6B99-485B-B6EC-3D72928B0321}"
EndProject
Project("{FAE04EC0-301F-11D3-BF4B-00C04F79EFBC}") = "CapaLogica_CxC_MovClientes", "CapaLogiga_CxC_MovClientes\CapaLogica_CxC_MovClientes.csproj", "{904A4E9A-5753-4565-9E41-73D0D9BE1C5B}"
EndProject
Project("{FAE04EC0-301F-11D3-BF4B-00C04F79EFBC}") = "CapaDatos_CxC_MovClientes", "CapaDatos_CxC_MovClientes\CapaDatos_CxC_MovClientes.csproj", "{77D1CD91-BDA8-43E4-A55B-CDCA8D7E6DC6}"
EndProject
Global
	GlobalSection(SolutionConfigurationPlatforms) = preSolution
		Debug|Any CPU = Debug|Any CPU
		Release|Any CPU = Release|Any CPU
	EndGlobalSection
	GlobalSection(ProjectConfigurationPlatforms) = postSolution
		{9182E59B-6B99-485B-B6EC-3D72928B0321}.Debug|Any CPU.ActiveCfg = Debug|Any CPU
		{9182E59B-6B99-485B-B6EC-3D72928B0321}.Debug|Any CPU.Build.0 = Debug|Any CPU
		{9182E59B-6B99-485B-B6EC-3D72928B0321}.Release|Any CPU.ActiveCfg = Release|Any CPU
		{9182E59B-6B99-485B-B6EC-3D72928B0321}.Release|Any CPU.Build.0 = Release|Any CPU
		{904A4E9A-5753-4565-9E41-73D0D9BE1C5B}.Debug|Any CPU.ActiveCfg = Debug|Any CPU
		{904A4E9A-5753-4565-9E41-73D0D9BE1C5B}.Debug|Any CPU.Build.0 = Debug|Any CPU
		{904A4E9A-5753-4565-9E41-73D0D9BE1C5B}.Release|Any CPU.ActiveCfg = Release|Any CPU
		{904A4E9A-5753-4565-9E41-73D0D9BE1C5B}.Release|Any CPU.Build.0 = Release|Any CPU
		{77D1CD91-BDA8-43E4-A55B-CDCA8D7E6DC6}.Debug|Any CPU.ActiveCfg = Debug|Any CPU
		{77D1CD91-BDA8-43E4-A55B-CDCA8D7E6DC6}.Debug|Any CPU.Build.0 = Debug|Any CPU
		{77D1CD91-BDA8-43E4-A55B-CDCA8D7E6DC6}.Release|Any CPU.ActiveCfg = Release|Any CPU
		{77D1CD91-BDA8-43E4-A55B-CDCA8D7E6DC6}.Release|Any CPU.Build.0 = Release|Any CPU
	EndGlobalSection
	GlobalSection(SolutionProperties) = preSolution
		HideSolutionNode = FALSE
	EndGlobalSection
	GlobalSection(ExtensibilityGlobals) = postSolution
		SolutionGuid = {2A8935FC-0076-493B-ADE4-CF1CCC8151B8}
	EndGlobalSection
EndGlobal
